
Microsoft Visual Studio Solution File, Format Version 12.00
# Visual Studio 15
VisualStudioVersion = 15.0.27004.2005
MinimumVisualStudioVersion = 10.0.40219.1
Project("{FAE04EC0-301F-11D3-BF4B-00C04F79EFBC}") = "RestaurantWebAPI", "RestaurantWebAPI\RestaurantWebAPI.csproj", "{7259CE39-8010-4697-A166-221634B4D9F7}"
EndProject
Project("{FAE04EC0-301F-11D3-BF4B-00C04F79EFBC}") = "RestaurantWebAPI.Tests", "RestaurantWebAPI.Tests\RestaurantWebAPI.Tests.csproj", "{5A1855E3-212C-4F91-B2FC-7E5BB17CE761}"
EndProject
Global
	GlobalSection(SolutionConfigurationPlatforms) = preSolution
		Debug|Any CPU = Debug|Any CPU
		Release|Any CPU = Release|Any CPU
	EndGlobalSection
	GlobalSection(ProjectConfigurationPlatforms) = postSolution
		{7259CE39-8010-4697-A166-221634B4D9F7}.Debug|Any CPU.ActiveCfg = Debug|Any CPU
		{7259CE39-8010-4697-A166-221634B4D9F7}.Debug|Any CPU.Build.0 = Debug|Any CPU
		{7259CE39-8010-4697-A166-221634B4D9F7}.Release|Any CPU.ActiveCfg = Release|Any CPU
		{7259CE39-8010-4697-A166-221634B4D9F7}.Release|Any CPU.Build.0 = Release|Any CPU
		{5A1855E3-212C-4F91-B2FC-7E5BB17CE761}.Debug|Any CPU.ActiveCfg = Debug|Any CPU
		{5A1855E3-212C-4F91-B2FC-7E5BB17CE761}.Debug|Any CPU.Build.0 = Debug|Any CPU
		{5A1855E3-212C-4F91-B2FC-7E5BB17CE761}.Release|Any CPU.ActiveCfg = Release|Any CPU
		{5A1855E3-212C-4F91-B2FC-7E5BB17CE761}.Release|Any CPU.Build.0 = Release|Any CPU
	EndGlobalSection
	GlobalSection(SolutionProperties) = preSolution
		HideSolutionNode = FALSE
	EndGlobalSection
	GlobalSection(ExtensibilityGlobals) = postSolution
		SolutionGuid = {C8BC1610-7BE1-4214-9AFF-8FEECCF03318}
	EndGlobalSection
EndGlobal
